PODS:
  - Alamofire (4.8.2)
  - CocoaLumberjack/Core (3.5.2)
  - CocoaLumberjack/Swift (3.5.2):
    - CocoaLumberjack/Core
  - CollectionKit (2.4.0):
    - CollectionKit/Core (= 2.4.0)
  - CollectionKit/Core (2.4.0)
  - Differentiator (4.0.1)
  - HandyJSON (5.0.0-beta.1)
  - KafkaRefresh (1.4.0):
    - KafkaRefresh/Category (= 1.4.0)
    - KafkaRefresh/Configuration (= 1.4.0)
    - KafkaRefresh/Core (= 1.4.0)
    - KafkaRefresh/Default (= 1.4.0)
    - KafkaRefresh/Style (= 1.4.0)
    - KafkaRefresh/UIKit (= 1.4.0)
  - KafkaRefresh/Category (1.4.0)
  - KafkaRefresh/Configuration (1.4.0):
    - KafkaRefresh/UIKit/FootKit
    - KafkaRefresh/UIKit/HeadKit
  - KafkaRefresh/Core (1.4.0):
    - KafkaRefresh/Category
  - KafkaRefresh/Default (1.4.0):
    - KafkaRefresh/Style
  - KafkaRefresh/Style (1.4.0)
  - KafkaRefresh/UIKit (1.4.0):
    - KafkaRefresh/UIKit/FootKit (= 1.4.0)
    - KafkaRefresh/UIKit/HeadKit (= 1.4.0)
    - KafkaRefresh/UIKit/LayerKit (= 1.4.0)
  - KafkaRefresh/UIKit/FootKit (1.4.0):
    - KafkaRefresh/Category
    - KafkaRefresh/Core
    - KafkaRefresh/Default
    - KafkaRefresh/Style
    - KafkaRefresh/UIKit/LayerKit
  - KafkaRefresh/UIKit/HeadKit (1.4.0):
    - KafkaRefresh/Category
    - KafkaRefresh/Core
    - KafkaRefresh/Default
    - KafkaRefresh/Style
    - KafkaRefresh/UIKit/LayerKit
  - KafkaRefresh/UIKit/LayerKit (1.4.0):
    - KafkaRefresh/Category
    - KafkaRefresh/Default
  - Localize-Swift (2.0.0)
  - Moya/Core (14.0.0-alpha.1):
    - Alamofire (~> 4.1)
    - Result (~> 4.1)
  - Moya/RxSwift (14.0.0-alpha.1):
    - Moya/Core
    - RxSwift (~> 5.0)
  - "NSObject+Rx (5.0.0)":
    - RxSwift (~> 5.0)
  - R.swift (5.0.3):
    - R.swift.Library (~> 5.0.0)
  - R.swift.Library (5.0.1)
  - ReachabilitySwift (4.3.0)
  - Result (4.1.0)
  - RxCocoa (5.0.0):
    - RxRelay (~> 5)
    - RxSwift (~> 5)
  - RxDataSources (4.0.1):
    - Differentiator (~> 4.0)
    - RxCocoa (~> 5.0)
    - RxSwift (~> 5.0)
  - RxRelay (5.0.0):
    - RxSwift (~> 5)
  - RxSwift (5.0.0)
  - RxSwiftExt (5.0.0):
    - RxSwiftExt/Core (= 5.0.0)
    - RxSwiftExt/RxCocoa (= 5.0.0)
  - RxSwiftExt/Core (5.0.0):
    - RxSwift (~> 5.0)
  - RxSwiftExt/RxCocoa (5.0.0):
    - RxCocoa (~> 5.0)
    - RxSwiftExt/Core
  - SnapKit (4.2.0)
  - Then (2.4.0)

DEPENDENCIES:
  - CocoaLumberjack/Swift
  - CollectionKit
  - HandyJSON (from `https://github.com/alibaba/HandyJSON`, tag `5.0.0-beta.1`)
  - KafkaRefresh (~> 1.4.0)
  - Localize-Swift (~> 2.0)
  - Moya/RxSwift (~> 14.0.0-alpha.1)
  - "NSObject+Rx (~> 5.0.0)"
  - R.swift (~> 5.0.3)
  - ReachabilitySwift (~> 4.0)
  - RxCocoa (~> 5.0.0)
  - RxDataSources (~> 4.0.1)
  - RxSwift (~> 5.0.0)
  - RxSwiftExt (~> 5.0.0)
  - SnapKit (~> 4.2.0)
  - Then (~> 2.4.0)

SPEC REPOS:
  https://github.com/cocoapods/specs.git:
    - Alamofire
    - CocoaLumberjack
    - CollectionKit
    - Differentiator
    - KafkaRefresh
    - Localize-Swift
    - Moya
    - "NSObject+Rx"
    - R.swift
    - R.swift.Library
    - ReachabilitySwift
    - Result
    - RxCocoa
    - RxDataSources
    - RxRelay
    - RxSwift
    - RxSwiftExt
    - SnapKit
    - Then

EXTERNAL SOURCES:
  HandyJSON:
    :git: https://github.com/alibaba/HandyJSON
    :tag: 5.0.0-beta.1

CHECKOUT OPTIONS:
  HandyJSON:
    :git: https://github.com/alibaba/HandyJSON
    :tag: 5.0.0-beta.1

SPEC CHECKSUMS:
  Alamofire: ae5c501addb7afdbb13687d7f2f722c78734c2d3
  CocoaLumberjack: 118bf4a820efc641f79fa487b75ed928dccfae23
  CollectionKit: 8f01e7629185bb81072c4aa734d105df5c2d1c8b
  Differentiator: 886080237d9f87f322641dedbc5be257061b0602
  HandyJSON: 582477127ab3ab65bd2e471815f1a7b846856978
  KafkaRefresh: 7e40fce9a5fb180da8b9382ab1b5a129f1f8d48d
  Localize-Swift: c798ec9286494866f7068f85f7c71283ac5bdab4
  Moya: 65485239114b3b327a17dc2e839f6c8b7143aae9
  "NSObject+Rx": 6151a97d171f7187c4183746acc42d9451952a7b
  R.swift: f5a87643b91ea569d23d6afb3eee9c743edde239
  R.swift.Library: cfe85d569d9bae6cb262922db130e7c3a7a5fad1
  ReachabilitySwift: 408477d1b6ed9779dba301953171e017c31241f3
  Result: bd966fac789cc6c1563440b348ab2598cc24d5c7
  RxCocoa: fcf32050ac00d801f34a7f71d5e8e7f23026dcd8
  RxDataSources: efee07fa4de48477eca0a4611e6d11e2da9c1114
  RxRelay: 4f7409406a51a55cd88483f21ed898c234d60f18
  RxSwift: 8b0671caa829a763bbce7271095859121cbd895f
  RxSwiftExt: 4564187392cc53823ef241fa4a11647861567026
  SnapKit: fe8a619752f3f27075cc9a90244d75c6c3f27e2a
  Then: 71866660c7af35a7343831f7668e7cd2b62ee0f2

PODFILE CHECKSUM: f0cf13bca28f3f12261d5dd62753bba13a23f81e

COCOAPODS: 1.7.0
