PODS:
  - Alamofire (4.8.1)
  - CocoaLumberjack/Core (3.5.2)
  - CocoaLumberjack/Swift (3.5.2):
    - CocoaLumberjack/Core
  - Differentiator (3.1.0)
  - HandyJSON (5.0.0-beta.1)
<<<<<<< HEAD
  - KafkaRefresh (1.4.0):
    - KafkaRefresh/Category (= 1.4.0)
    - KafkaRefresh/Configuration (= 1.4.0)
    - KafkaRefresh/Core (= 1.4.0)
    - KafkaRefresh/Default (= 1.4.0)
    - KafkaRefresh/Style (= 1.4.0)
    - KafkaRefresh/UIKit (= 1.4.0)
  - KafkaRefresh/Category (1.4.0)
  - KafkaRefresh/Configuration (1.4.0):
    - KafkaRefresh/UIKit/FootKit
    - KafkaRefresh/UIKit/HeadKit
  - KafkaRefresh/Core (1.4.0):
    - KafkaRefresh/Category
  - KafkaRefresh/Default (1.4.0):
    - KafkaRefresh/Style
  - KafkaRefresh/Style (1.4.0)
  - KafkaRefresh/UIKit (1.4.0):
    - KafkaRefresh/UIKit/FootKit (= 1.4.0)
    - KafkaRefresh/UIKit/HeadKit (= 1.4.0)
    - KafkaRefresh/UIKit/LayerKit (= 1.4.0)
  - KafkaRefresh/UIKit/FootKit (1.4.0):
    - KafkaRefresh/Category
    - KafkaRefresh/Core
    - KafkaRefresh/Default
    - KafkaRefresh/Style
    - KafkaRefresh/UIKit/LayerKit
  - KafkaRefresh/UIKit/HeadKit (1.4.0):
    - KafkaRefresh/Category
    - KafkaRefresh/Core
    - KafkaRefresh/Default
    - KafkaRefresh/Style
    - KafkaRefresh/UIKit/LayerKit
  - KafkaRefresh/UIKit/LayerKit (1.4.0):
    - KafkaRefresh/Category
    - KafkaRefresh/Default
=======
>>>>>>> 881573968bd7f158e035cd7a35276ad055237011
  - Localize-Swift (2.0.0)
  - Moya/Core (12.0.1):
    - Alamofire (~> 4.1)
    - Result (~> 4.0)
  - Moya/RxSwift (12.0.1):
    - Moya/Core
    - RxSwift (~> 4.0)
  - "NSObject+Rx (4.4.1)":
    - RxSwift (~> 4.3)
  - R.swift (5.0.3):
    - R.swift.Library (~> 5.0.0)
  - R.swift.Library (5.0.1)
  - ReachabilitySwift (4.3.0)
  - Result (4.1.0)
  - RxAtomic (4.4.2)
  - RxCocoa (4.4.2):
    - RxSwift (>= 4.4.2, ~> 4.4)
  - RxDataSources (3.1.0):
    - Differentiator (~> 3.0)
    - RxCocoa (~> 4.0)
    - RxSwift (~> 4.0)
  - RxSwift (4.4.2):
    - RxAtomic (>= 4.4.2, ~> 4.4)
  - RxSwiftExt (3.4.0):
    - RxSwiftExt/Core (= 3.4.0)
    - RxSwiftExt/RxCocoa (= 3.4.0)
  - RxSwiftExt/Core (3.4.0):
    - RxSwift (~> 4.0)
  - RxSwiftExt/RxCocoa (3.4.0):
    - RxCocoa (~> 4.0)
    - RxSwiftExt/Core
  - SnapKit (4.2.0)
  - Then (2.4.0)

DEPENDENCIES:
  - CocoaLumberjack/Swift
  - HandyJSON (from `https://github.com/alibaba/HandyJSON`, tag `5.0.0-beta.1`)
<<<<<<< HEAD
  - KafkaRefresh (~> 1.4.0)
=======
>>>>>>> 881573968bd7f158e035cd7a35276ad055237011
  - Localize-Swift (~> 2.0)
  - Moya/RxSwift (~> 12.0)
  - "NSObject+Rx (~> 4.4.1)"
  - R.swift (~> 5.0.3)
  - ReachabilitySwift (~> 4.0)
  - RxCocoa (~> 4.4.0)
  - RxDataSources (~> 3.1.0)
  - RxSwift (~> 4.4.0)
  - RxSwiftExt (~> 3.4.0)
  - SnapKit (~> 4.2.0)
  - Then (~> 2.4.0)

SPEC REPOS:
  https://github.com/cocoapods/specs.git:
    - Alamofire
    - CocoaLumberjack
    - Differentiator
<<<<<<< HEAD
    - KafkaRefresh
=======
>>>>>>> 881573968bd7f158e035cd7a35276ad055237011
    - Localize-Swift
    - Moya
    - "NSObject+Rx"
    - R.swift
    - R.swift.Library
    - ReachabilitySwift
    - Result
    - RxAtomic
    - RxCocoa
    - RxDataSources
    - RxSwift
    - RxSwiftExt
    - SnapKit
    - Then

EXTERNAL SOURCES:
  HandyJSON:
    :git: https://github.com/alibaba/HandyJSON
    :tag: 5.0.0-beta.1

CHECKOUT OPTIONS:
  HandyJSON:
    :git: https://github.com/alibaba/HandyJSON
    :tag: 5.0.0-beta.1

SPEC CHECKSUMS:
  Alamofire: 16ce2c353fb72865124ddae8a57c5942388f4f11
  CocoaLumberjack: 118bf4a820efc641f79fa487b75ed928dccfae23
  Differentiator: be49ca3408f0ecfc761e4c7763d20c62be01b9ad
  HandyJSON: 582477127ab3ab65bd2e471815f1a7b846856978
<<<<<<< HEAD
  KafkaRefresh: 7e40fce9a5fb180da8b9382ab1b5a129f1f8d48d
=======
>>>>>>> 881573968bd7f158e035cd7a35276ad055237011
  Localize-Swift: c798ec9286494866f7068f85f7c71283ac5bdab4
  Moya: cf730b3cd9e005401ef37a85143aa141a12fd38f
  "NSObject+Rx": 9884a92f19b610795c431e10b4e601913b59c9e9
  R.swift: f5a87643b91ea569d23d6afb3eee9c743edde239
  R.swift.Library: cfe85d569d9bae6cb262922db130e7c3a7a5fad1
  ReachabilitySwift: 408477d1b6ed9779dba301953171e017c31241f3
  Result: bd966fac789cc6c1563440b348ab2598cc24d5c7
  RxAtomic: d00e97c10db88c6f08540e0bf2752fc5a2404167
  RxCocoa: 477990dc3b4c3ff55fb0ac77e1cc06244e0aaec8
  RxDataSources: a843bad90c29817f5923ec8163f4af2de084ceb3
  RxSwift: 74c29b693c8e42b0f64400e8b06564575742d649
  RxSwiftExt: 01f8ecbeeb355698e9c75365ebe908b00dacf45d
  SnapKit: fe8a619752f3f27075cc9a90244d75c6c3f27e2a
  Then: 71866660c7af35a7343831f7668e7cd2b62ee0f2

<<<<<<< HEAD
PODFILE CHECKSUM: 8555bcfe65c256d24df3c660c31f2a040458ea38
=======
PODFILE CHECKSUM: 13f36cdc8e5eeaa805d9659eca2e430e5346d020
>>>>>>> 881573968bd7f158e035cd7a35276ad055237011

COCOAPODS: 1.5.3
