<?xml version="1.0" encoding="UTF-8"?>
<Scheme
   version = "1.3">
   <BuildAction>
      <BuildActionEntries>
         <BuildActionEntry
            buildForRunning = "YES">
            <BuildableReference
               BuildableIdentifier = "primary"
               BlueprintIdentifier = "929220682249FADB009F6DF8"
               BuildableName = "IWBaseKits.app"
               BlueprintName = "IWBaseKits"
               ReferencedContainer = "container:IWBaseKits.xcodeproj">
            </BuildableReference>
         </BuildActionEntry>
      </BuildActionEntries>
   </BuildAction>
   <LaunchAction
      useCustomWorkingDirectory = "NO"
      buildConfiguration = "Debug"
      allowLocationSimulation = "YES">
      <BuildableProductRunnable>
         <BuildableReference
            BuildableIdentifier = "primary"
            BlueprintIdentifier = "929220682249FADB009F6DF8"
            BuildableName = "IWBaseKits.app"
            BlueprintName = "IWBaseKits"
            ReferencedContainer = "container:IWBaseKits.xcodeproj">
         </BuildableReference>
      </BuildableProductRunnable>
   </LaunchAction>
</Scheme>
